
Microsoft Visual Studio Solution File, Format Version 12.00
Project("{FAE04EC0-301F-11D3-BF4B-00C04F79EFBC}") = "SelectShrineRecipe", "SelectShrineRecipe.csproj", "{39D76E50-530F-4E68-8A7A-668EEA1F25FF}"
EndProject
Global
	GlobalSection(SolutionConfigurationPlatforms) = preSolution
		Debug|Any CPU = Debug|Any CPU
		Release|Any CPU = Release|Any CPU
	EndGlobalSection
	GlobalSection(ProjectConfigurationPlatforms) = postSolution
		{39D76E50-530F-4E68-8A7A-668EEA1F25FF}.Debug|Any CPU.ActiveCfg = Debug|Any CPU
		{39D76E50-530F-4E68-8A7A-668EEA1F25FF}.Debug|Any CPU.Build.0 = Debug|Any CPU
		{39D76E50-530F-4E68-8A7A-668EEA1F25FF}.Release|Any CPU.ActiveCfg = Release|Any CPU
		{39D76E50-530F-4E68-8A7A-668EEA1F25FF}.Release|Any CPU.Build.0 = Release|Any CPU
	EndGlobalSection
EndGlobal
